
Microsoft Visual Studio Solution File, Format Version 12.00
# Visual Studio 15
VisualStudioVersion = 15.0.27004.2006
MinimumVisualStudioVersion = 10.0.40219.1
Project("{FAE04EC0-301F-11D3-BF4B-00C04F79EFBC}") = "Intership_4", "Intership_4\Intership_4.csproj", "{EBB86B87-7B71-4C51-97FE-620CFBE3A4B5}"
EndProject
Global
	GlobalSection(SolutionConfigurationPlatforms) = preSolution
		Debug|Any CPU = Debug|Any CPU
		Release|Any CPU = Release|Any CPU
	EndGlobalSection
	GlobalSection(ProjectConfigurationPlatforms) = postSolution
		{EBB86B87-7B71-4C51-97FE-620CFBE3A4B5}.Debug|Any CPU.ActiveCfg = Debug|Any CPU
		{EBB86B87-7B71-4C51-97FE-620CFBE3A4B5}.Debug|Any CPU.Build.0 = Debug|Any CPU
		{EBB86B87-7B71-4C51-97FE-620CFBE3A4B5}.Release|Any CPU.ActiveCfg = Release|Any CPU
		{EBB86B87-7B71-4C51-97FE-620CFBE3A4B5}.Release|Any CPU.Build.0 = Release|Any CPU
	EndGlobalSection
	GlobalSection(SolutionProperties) = preSolution
		HideSolutionNode = FALSE
	EndGlobalSection
	GlobalSection(ExtensibilityGlobals) = postSolution
		SolutionGuid = {05F16122-600F-425C-A922-4126EBA5D933}
	EndGlobalSection
EndGlobal
